
Microsoft Visual Studio Solution File, Format Version 12.00
# Visual Studio Version 17
VisualStudioVersion = 17.0.31912.275
MinimumVisualStudioVersion = 10.0.40219.1
Project("{FAE04EC0-301F-11D3-BF4B-00C04F79EFBC}") = "DemoSourceGen", "./DemoSourceGen/DemoSourceGen.csproj", "{77F82E14-71D7-4FED-B27F-0BE2DB1557B3}"
EndProject
Project("{FAE04EC0-301F-11D3-BF4B-00C04F79EFBC}") = "SourceGenerator", ".\SourceGenerator\SourceGenerator.csproj", "{801A120E-F23B-4D12-9D8B-263DF8D85340}"
EndProject
Global
	GlobalSection(SolutionConfigurationPlatforms) = preSolution
		Debug|Any CPU = Debug|Any CPU
		Release|Any CPU = Release|Any CPU
	EndGlobalSection
	GlobalSection(ProjectConfigurationPlatforms) = postSolution
		{77F82E14-71D7-4FED-B27F-0BE2DB1557B3}.Debug|Any CPU.ActiveCfg = Debug|Any CPU
		{77F82E14-71D7-4FED-B27F-0BE2DB1557B3}.Debug|Any CPU.Build.0 = Debug|Any CPU
		{77F82E14-71D7-4FED-B27F-0BE2DB1557B3}.Release|Any CPU.ActiveCfg = Release|Any CPU
		{77F82E14-71D7-4FED-B27F-0BE2DB1557B3}.Release|Any CPU.Build.0 = Release|Any CPU
		{801A120E-F23B-4D12-9D8B-263DF8D85340}.Debug|Any CPU.ActiveCfg = Debug|Any CPU
		{801A120E-F23B-4D12-9D8B-263DF8D85340}.Debug|Any CPU.Build.0 = Debug|Any CPU
		{801A120E-F23B-4D12-9D8B-263DF8D85340}.Release|Any CPU.ActiveCfg = Release|Any CPU
		{801A120E-F23B-4D12-9D8B-263DF8D85340}.Release|Any CPU.Build.0 = Release|Any CPU
	EndGlobalSection
	GlobalSection(SolutionProperties) = preSolution
		HideSolutionNode = FALSE
	EndGlobalSection
	GlobalSection(ExtensibilityGlobals) = postSolution
		SolutionGuid = {AB217C0B-7A54-4A6A-96C9-98C1A281B1CC}
	EndGlobalSection
EndGlobal
